// !$*UTF8*$!
{
	archiveVersion = 1;
	classes = {
	};
	objectVersion = 55;
	objects = {

/* Begin PBXBuildFile section */
		5E095CDB27B31D4C00852AC0 /* newRestaurantsApp.swift in Sources */ = {isa = PBXBuildFile; fileRef = 5E095CDA27B31D4C00852AC0 /* newRestaurantsApp.swift */; };
		5E095CDD27B31D4C00852AC0 /* ContentView.swift in Sources */ = {isa = PBXBuildFile; fileRef = 5E095CDC27B31D4C00852AC0 /* ContentView.swift */; };
		5E095CDF27B31D4F00852AC0 /* Assets.xcassets in Resources */ = {isa = PBXBuildFile; fileRef = 5E095CDE27B31D4F00852AC0 /* Assets.xcassets */; };
		5E095CE227B31D4F00852AC0 /* Preview Assets.xcassets in Resources */ = {isa = PBXBuildFile; fileRef = 5E095CE127B31D4F00852AC0 /* Preview Assets.xcassets */; };
		5ED66F3827B421C400951879 /* restaurantList.swift in Sources */ = {isa = PBXBuildFile; fileRef = 5ED66F3727B421C400951879 /* restaurantList.swift */; };
		5ED66F3A27B4224800951879 /* restaurantRow.swift in Sources */ = {isa = PBXBuildFile; fileRef = 5ED66F3927B4224800951879 /* restaurantRow.swift */; };
		5ED66F3C27B422F000951879 /* restaurantDetail.swift in Sources */ = {isa = PBXBuildFile; fileRef = 5ED66F3B27B422F000951879 /* restaurantDetail.swift */; };
		5ED66F3E27B4238900951879 /* restaurantData.json in Resources */ = {isa = PBXBuildFile; fileRef = 5ED66F3D27B4238900951879 /* restaurantData.json */; };
		5ED66F4027B4239E00951879 /* ModelData.swift in Sources */ = {isa = PBXBuildFile; fileRef = 5ED66F3F27B4239E00951879 /* ModelData.swift */; };
		5ED66F4227B423D900951879 /* Restaurant.swift in Sources */ = {isa = PBXBuildFile; fileRef = 5ED66F4127B423D900951879 /* Restaurant.swift */; };
		5ED66F4427B4255C00951879 /* circleImage.swift in Sources */ = {isa = PBXBuildFile; fileRef = 5ED66F4327B4255C00951879 /* circleImage.swift */; };
		5ED66F4627B4258600951879 /* mapView.swift in Sources */ = {isa = PBXBuildFile; fileRef = 5ED66F4527B4258600951879 /* mapView.swift */; };
		5ED66F4827B4259300951879 /* favoriteButton.swift in Sources */ = {isa = PBXBuildFile; fileRef = 5ED66F4727B4259300951879 /* favoriteButton.swift */; };
		5ED734B727B567C600AE364B /* circleIcon.swift in Sources */ = {isa = PBXBuildFile; fileRef = 5ED734B627B567C600AE364B /* circleIcon.swift */; };
/* End PBXBuildFile section */

/* Begin PBXFileReference section */
		5E095CD727B31D4C00852AC0 /* newRestaurants.app */ = {isa = PBXFileReference; explicitFileType = wrapper.application; includeInIndex = 0; path = newRestaurants.app; sourceTree = BUILT_PRODUCTS_DIR; };
		5E095CDA27B31D4C00852AC0 /* newRestaurantsApp.swift */ = {isa = PBXFileReference; lastKnownFileType = sourcecode.swift; path = newRestaurantsApp.swift; sourceTree = "<group>"; };
		5E095CDC27B31D4C00852AC0 /* ContentView.swift */ = {isa = PBXFileReference; lastKnownFileType = sourcecode.swift; path = ContentView.swift; sourceTree = "<group>"; };
		5E095CDE27B31D4F00852AC0 /* Assets.xcassets */ = {isa = PBXFileReference; lastKnownFileType = folder.assetcatalog; path = Assets.xcassets; sourceTree = "<group>"; };
		5E095CE127B31D4F00852AC0 /* Preview Assets.xcassets */ = {isa = PBXFileReference; lastKnownFileType = folder.assetcatalog; path = "Preview Assets.xcassets"; sourceTree = "<group>"; };
		5ED66F3727B421C400951879 /* restaurantList.swift */ = {isa = PBXFileReference; lastKnownFileType = sourcecode.swift; path = restaurantList.swift; sourceTree = "<group>"; };
		5ED66F3927B4224800951879 /* restaurantRow.swift */ = {isa = PBXFileReference; lastKnownFileType = sourcecode.swift; path = restaurantRow.swift; sourceTree = "<group>"; };
		5ED66F3B27B422F000951879 /* restaurantDetail.swift */ = {isa = PBXFileReference; lastKnownFileType = sourcecode.swift; path = restaurantDetail.swift; sourceTree = "<group>"; };
		5ED66F3D27B4238900951879 /* restaurantData.json */ = {isa = PBXFileReference; fileEncoding = 4; lastKnownFileType = text.json; path = restaurantData.json; sourceTree = "<group>"; };
		5ED66F3F27B4239E00951879 /* ModelData.swift */ = {isa = PBXFileReference; lastKnownFileType = sourcecode.swift; path = ModelData.swift; sourceTree = "<group>"; };
		5ED66F4127B423D900951879 /* Restaurant.swift */ = {isa = PBXFileReference; lastKnownFileType = sourcecode.swift; path = Restaurant.swift; sourceTree = "<group>"; };
		5ED66F4327B4255C00951879 /* circleImage.swift */ = {isa = PBXFileReference; lastKnownFileType = sourcecode.swift; path = circleImage.swift; sourceTree = "<group>"; };
		5ED66F4527B4258600951879 /* mapView.swift */ = {isa = PBXFileReference; lastKnownFileType = sourcecode.swift; path = mapView.swift; sourceTree = "<group>"; };
		5ED66F4727B4259300951879 /* favoriteButton.swift */ = {isa = PBXFileReference; lastKnownFileType = sourcecode.swift; path = favoriteButton.swift; sourceTree = "<group>"; };
		5ED734B627B567C600AE364B /* circleIcon.swift */ = {isa = PBXFileReference; lastKnownFileType = sourcecode.swift; path = circleIcon.swift; sourceTree = "<group>"; };
/* End PBXFileReference section */

/* Begin PBXFrameworksBuildPhase section */
		5E095CD427B31D4C00852AC0 /* Frameworks */ = {
			isa = PBXFrameworksBuildPhase;
			buildActionMask = 2147483647;
			files = (
			);
			runOnlyForDeploymentPostprocessing = 0;
		};
/* End PBXFrameworksBuildPhase section */

/* Begin PBXGroup section */
		5E095CCE27B31D4C00852AC0 = {
			isa = PBXGroup;
			children = (
				5E095CD927B31D4C00852AC0 /* newRestaurants */,
				5E095CD827B31D4C00852AC0 /* Products */,
			);
			sourceTree = "<group>";
		};
		5E095CD827B31D4C00852AC0 /* Products */ = {
			isa = PBXGroup;
			children = (
				5E095CD727B31D4C00852AC0 /* newRestaurants.app */,
			);
			name = Products;
			sourceTree = "<group>";
		};
		5E095CD927B31D4C00852AC0 /* newRestaurants */ = {
			isa = PBXGroup;
			children = (
				5E095CDA27B31D4C00852AC0 /* newRestaurantsApp.swift */,
				5E095CDC27B31D4C00852AC0 /* ContentView.swift */,
				5ED66F3727B421C400951879 /* restaurantList.swift */,
				5ED66F3927B4224800951879 /* restaurantRow.swift */,
				5ED66F3B27B422F000951879 /* restaurantDetail.swift */,
				5ED66F3D27B4238900951879 /* restaurantData.json */,
				5ED66F3F27B4239E00951879 /* ModelData.swift */,
				5ED66F4127B423D900951879 /* Restaurant.swift */,
				5ED66F4327B4255C00951879 /* circleImage.swift */,
				5ED734B627B567C600AE364B /* circleIcon.swift */,
				5ED66F4527B4258600951879 /* mapView.swift */,
				5ED66F4727B4259300951879 /* favoriteButton.swift */,
				5E095CDE27B31D4F00852AC0 /* Assets.xcassets */,
				5E095CE027B31D4F00852AC0 /* Preview Content */,
			);
			path = newRestaurants;
			sourceTree = "<group>";
		};
		5E095CE027B31D4F00852AC0 /* Preview Content */ = {
			isa = PBXGroup;
			children = (
				5E095CE127B31D4F00852AC0 /* Preview Assets.xcassets */,
			);
			path = "Preview Content";
			sourceTree = "<group>";
		};
/* End PBXGroup section */

/* Begin PBXNativeTarget section */
		5E095CD627B31D4C00852AC0 /* newRestaurants */ = {
			isa = PBXNativeTarget;
			buildConfigurationList = 5E095CE527B31D4F00852AC0 /* Build configuration list for PBXNativeTarget "newRestaurants" */;
			buildPhases = (
				5E095CD327B31D4C00852AC0 /* Sources */,
				5E095CD427B31D4C00852AC0 /* Frameworks */,
				5E095CD527B31D4C00852AC0 /* Resources */,
			);
			buildRules = (
			);
			dependencies = (
			);
			name = newRestaurants;
			productName = newRestaurants;
			productReference = 5E095CD727B31D4C00852AC0 /* newRestaurants.app */;
			productType = "com.apple.product-type.application";
		};
/* End PBXNativeTarget section */

/* Begin PBXProject section */
		5E095CCF27B31D4C00852AC0 /* Project object */ = {
			isa = PBXProject;
			attributes = {
				BuildIndependentTargetsInParallel = 1;
				LastSwiftUpdateCheck = 1330;
				LastUpgradeCheck = 1330;
				TargetAttributes = {
					5E095CD627B31D4C00852AC0 = {
						CreatedOnToolsVersion = 13.3;
					};
				};
			};
			buildConfigurationList = 5E095CD227B31D4C00852AC0 /* Build configuration list for PBXProject "newRestaurants" */;
			compatibilityVersion = "Xcode 13.0";
			developmentRegion = en;
			hasScannedForEncodings = 0;
			knownRegions = (
				en,
				Base,
			);
			mainGroup = 5E095CCE27B31D4C00852AC0;
			productRefGroup = 5E095CD827B31D4C00852AC0 /* Products */;
			projectDirPath = "";
			projectRoot = "";
			targets = (
				5E095CD627B31D4C00852AC0 /* newRestaurants */,
			);
		};
/* End PBXProject section */

/* Begin PBXResourcesBuildPhase section */
		5E095CD527B31D4C00852AC0 /* Resources */ = {
			isa = PBXResourcesBuildPhase;
			buildActionMask = 2147483647;
			files = (
				5ED66F3E27B4238900951879 /* restaurantData.json in Resources */,
				5E095CE227B31D4F00852AC0 /* Preview Assets.xcassets in Resources */,
				5E095CDF27B31D4F00852AC0 /* Assets.xcassets in Resources */,
			);
			runOnlyForDeploymentPostprocessing = 0;
		};
/* End PBXResourcesBuildPhase section */

/* Begin PBXSourcesBuildPhase section */
		5E095CD327B31D4C00852AC0 /* Sources */ = {
			isa = PBXSourcesBuildPhase;
			buildActionMask = 2147483647;
			files = (
				5ED66F3827B421C400951879 /* restaurantList.swift in Sources */,
				5ED66F4427B4255C00951879 /* circleImage.swift in Sources */,
				5ED66F4627B4258600951879 /* mapView.swift in Sources */,
				5ED734B727B567C600AE364B /* circleIcon.swift in Sources */,
				5E095CDD27B31D4C00852AC0 /* ContentView.swift in Sources */,
				5ED66F3C27B422F000951879 /* restaurantDetail.swift in Sources */,
				5ED66F4227B423D900951879 /* Restaurant.swift in Sources */,
				5E095CDB27B31D4C00852AC0 /* newRestaurantsApp.swift in Sources */,
				5ED66F4827B4259300951879 /* favoriteButton.swift in Sources */,
				5ED66F3A27B4224800951879 /* restaurantRow.swift in Sources */,
				5ED66F4027B4239E00951879 /* ModelData.swift in Sources */,
			);
			runOnlyForDeploymentPostprocessing = 0;
		};
/* End PBXSourcesBuildPhase section */

/* Begin XCBuildConfiguration section */
		5E095CE327B31D4F00852AC0 /* Debug */ = {
			isa = XCBuildConfiguration;
			buildSettings = {
				ALWAYS_SEARCH_USER_PATHS = NO;
				CLANG_ANALYZER_NONNULL = YES;
				CLANG_ANALYZER_NUMBER_OBJECT_CONVERSION = YES_AGGRESSIVE;
				CLANG_CXX_LANGUAGE_STANDARD = "gnu++17";
				CLANG_ENABLE_MODULES = YES;
				CLANG_ENABLE_OBJC_ARC = YES;
				CLANG_ENABLE_OBJC_WEAK = YES;
				CLANG_WARN_BLOCK_CAPTURE_AUTORELEASING = YES;
				CLANG_WARN_BOOL_CONVERSION = YES;
				CLANG_WARN_COMMA = YES;
				CLANG_WARN_CONSTANT_CONVERSION = YES;
				CLANG_WARN_DEPRECATED_OBJC_IMPLEMENTATIONS = YES;
				CLANG_WARN_DIRECT_OBJC_ISA_USAGE = YES_ERROR;
				CLANG_WARN_DOCUMENTATION_COMMENTS = YES;
				CLANG_WARN_EMPTY_BODY = YES;
				CLANG_WARN_ENUM_CONVERSION = YES;
				CLANG_WARN_INFINITE_RECURSION = YES;
				CLANG_WARN_INT_CONVERSION = YES;
				CLANG_WARN_NON_LITERAL_NULL_CONVERSION = YES;
				CLANG_WARN_OBJC_IMPLICIT_RETAIN_SELF = YES;
				CLANG_WARN_OBJC_LITERAL_CONVERSION = YES;
				CLANG_WARN_OBJC_ROOT_CLASS = YES_ERROR;
				CLANG_WARN_QUOTED_INCLUDE_IN_FRAMEWORK_HEADER = YES;
				CLANG_WARN_RANGE_LOOP_ANALYSIS = YES;
				CLANG_WARN_STRICT_PROTOTYPES = YES;
				CLANG_WARN_SUSPICIOUS_MOVE = YES;
				CLANG_WARN_UNGUARDED_AVAILABILITY = YES_AGGRESSIVE;
				CLANG_WARN_UNREACHABLE_CODE = YES;
				CLANG_WARN__DUPLICATE_METHOD_MATCH = YES;
				COPY_PHASE_STRIP = NO;
				DEBUG_INFORMATION_FORMAT = dwarf;
				ENABLE_STRICT_OBJC_MSGSEND = YES;
				ENABLE_TESTABILITY = YES;
				GCC_C_LANGUAGE_STANDARD = gnu11;
				GCC_DYNAMIC_NO_PIC = NO;
				GCC_NO_COMMON_BLOCKS = YES;
				GCC_OPTIMIZATION_LEVEL = 0;
				GCC_PREPROCESSOR_DEFINITIONS = (
					"DEBUG=1",
					"$(inherited)",
				);
				GCC_WARN_64_TO_32_BIT_CONVERSION = YES;
				GCC_WARN_ABOUT_RETURN_TYPE = YES_ERROR;
				GCC_WARN_UNDECLARED_SELECTOR = YES;
				GCC_WARN_UNINITIALIZED_AUTOS = YES_AGGRESSIVE;
				GCC_WARN_UNUSED_FUNCTION = YES;
				GCC_WARN_UNUSED_VARIABLE = YES;
				IPHONEOS_DEPLOYMENT_TARGET = 15.4;
				MTL_ENABLE_DEBUG_INFO = INCLUDE_SOURCE;
				MTL_FAST_MATH = YES;
				ONLY_ACTIVE_ARCH = YES;
				SDKROOT = iphoneos;
				SWIFT_ACTIVE_COMPILATION_CONDITIONS = DEBUG;
				SWIFT_OPTIMIZATION_LEVEL = "-Onone";
			};
			name = Debug;
		};
		5E095CE427B31D4F00852AC0 /* Release */ = {
			isa = XCBuildConfiguration;
			buildSettings = {
				ALWAYS_SEARCH_USER_PATHS = NO;
				CLANG_ANALYZER_NONNULL = YES;
				CLANG_ANALYZER_NUMBER_OBJECT_CONVERSION = YES_AGGRESSIVE;
				CLANG_CXX_LANGUAGE_STANDARD = "gnu++17";
				CLANG_ENABLE_MODULES = YES;
				CLANG_ENABLE_OBJC_ARC = YES;
				CLANG_ENABLE_OBJC_WEAK = YES;
				CLANG_WARN_BLOCK_CAPTURE_AUTORELEASING = YES;
				CLANG_WARN_BOOL_CONVERSION = YES;
				CLANG_WARN_COMMA = YES;
				CLANG_WARN_CONSTANT_CONVERSION = YES;
				CLANG_WARN_DEPRECATED_OBJC_IMPLEMENTATIONS = YES;
				CLANG_WARN_DIRECT_OBJC_ISA_USAGE = YES_ERROR;
				CLANG_WARN_DOCUMENTATION_COMMENTS = YES;
				CLANG_WARN_EMPTY_BODY = YES;
				CLANG_WARN_ENUM_CONVERSION = YES;
				CLANG_WARN_INFINITE_RECURSION = YES;
				CLANG_WARN_INT_CONVERSION = YES;
				CLANG_WARN_NON_LITERAL_NULL_CONVERSION = YES;
				CLANG_WARN_OBJC_IMPLICIT_RETAIN_SELF = YES;
				CLANG_WARN_OBJC_LITERAL_CONVERSION = YES;
				CLANG_WARN_OBJC_ROOT_CLASS = YES_ERROR;
				CLANG_WARN_QUOTED_INCLUDE_IN_FRAMEWORK_HEADER = YES;
				CLANG_WARN_RANGE_LOOP_ANALYSIS = YES;
				CLANG_WARN_STRICT_PROTOTYPES = YES;
				CLANG_WARN_SUSPICIOUS_MOVE = YES;
				CLANG_WARN_UNGUARDED_AVAILABILITY = YES_AGGRESSIVE;
				CLANG_WARN_UNREACHABLE_CODE = YES;
				CLANG_WARN__DUPLICATE_METHOD_MATCH = YES;
				COPY_PHASE_STRIP = NO;
				DEBUG_INFORMATION_FORMAT = "dwarf-with-dsym";
				ENABLE_NS_ASSERTIONS = NO;
				ENABLE_STRICT_OBJC_MSGSEND = YES;
				GCC_C_LANGUAGE_STANDARD = gnu11;
				GCC_NO_COMMON_BLOCKS = YES;
				GCC_WARN_64_TO_32_BIT_CONVERSION = YES;
				GCC_WARN_ABOUT_RETURN_TYPE = YES_ERROR;
				GCC_WARN_UNDECLARED_SELECTOR = YES;
				GCC_WARN_UNINITIALIZED_AUTOS = YES_AGGRESSIVE;
				GCC_WARN_UNUSED_FUNCTION = YES;
				GCC_WARN_UNUSED_VARIABLE = YES;
				IPHONEOS_DEPLOYMENT_TARGET = 15.4;
				MTL_ENABLE_DEBUG_INFO = NO;
				MTL_FAST_MATH = YES;
				SDKROOT = iphoneos;
				SWIFT_COMPILATION_MODE = wholemodule;
				SWIFT_OPTIMIZATION_LEVEL = "-O";
				VALIDATE_PRODUCT = YES;
			};
			name = Release;
		};
		5E095CE627B31D4F00852AC0 /* Debug */ = {
			isa = XCBuildConfiguration;
			buildSettings = {
				ASSETCATALOG_COMPILER_APPICON_NAME = AppIcon;
				ASSETCATALOG_COMPILER_GLOBAL_ACCENT_COLOR_NAME = AccentColor;
				CODE_SIGN_STYLE = Automatic;
				CURRENT_PROJECT_VERSION = 1;
				DEVELOPMENT_ASSET_PATHS = "\"newRestaurants/Preview Content\"";
				DEVELOPMENT_TEAM = XPF93J5NJF;
				ENABLE_PREVIEWS = YES;
				GENERATE_INFOPLIST_FILE = YES;
				INFOPLIST_KEY_UIApplicationSceneManifest_Generation = YES;
				INFOPLIST_KEY_UIApplicationSupportsIndirectInputEvents = YES;
				INFOPLIST_KEY_UILaunchScreen_Generation = YES;
				INFOPLIST_KEY_UISupportedInterfaceOrientations_iPad = "UIInterfaceOrientationPortrait UIInterfaceOrientationPortraitUpsideDown UIInterfaceOrientationLandscapeLeft UIInterfaceOrientationLandscapeRight";
				INFOPLIST_KEY_UISupportedInterfaceOrientations_iPhone = "UIInterfaceOrientationPortrait UIInterfaceOrientationLandscapeLeft UIInterfaceOrientationLandscapeRight";
				LD_RUNPATH_SEARCH_PATHS = (
					"$(inherited)",
					"@executable_path/Frameworks",
				);
				MARKETING_VERSION = 1.0;
				PRODUCT_BUNDLE_IDENTIFIER = com.haleyParker.newRestaurants;
				PRODUCT_NAME = "$(TARGET_NAME)";
				SWIFT_EMIT_LOC_STRINGS = YES;
				SWIFT_VERSION = 5.0;
				TARGETED_DEVICE_FAMILY = "1,2";
			};
			name = Debug;
		};
		5E095CE727B31D4F00852AC0 /* Release */ = {
			isa = XCBuildConfiguration;
			buildSettings = {
				ASSETCATALOG_COMPILER_APPICON_NAME = AppIcon;
				ASSETCATALOG_COMPILER_GLOBAL_ACCENT_COLOR_NAME = AccentColor;
				CODE_SIGN_STYLE = Automatic;
				CURRENT_PROJECT_VERSION = 1;
				DEVELOPMENT_ASSET_PATHS = "\"newRestaurants/Preview Content\"";
				DEVELOPMENT_TEAM = XPF93J5NJF;
				ENABLE_PREVIEWS = YES;
				GENERATE_INFOPLIST_FILE = YES;
				INFOPLIST_KEY_UIApplicationSceneManifest_Generation = YES;
				INFOPLIST_KEY_UIApplicationSupportsIndirectInputEvents = YES;
				INFOPLIST_KEY_UILaunchScreen_Generation = YES;
				INFOPLIST_KEY_UISupportedInterfaceOrientations_iPad = "UIInterfaceOrientationPortrait UIInterfaceOrientationPortraitUpsideDown UIInterfaceOrientationLandscapeLeft UIInterfaceOrientationLandscapeRight";
				INFOPLIST_KEY_UISupportedInterfaceOrientations_iPhone = "UIInterfaceOrientationPortrait UIInterfaceOrientationLandscapeLeft UIInterfaceOrientationLandscapeRight";
				LD_RUNPATH_SEARCH_PATHS = (
					"$(inherited)",
					"@executable_path/Frameworks",
				);
				MARKETING_VERSION = 1.0;
				PRODUCT_BUNDLE_IDENTIFIER = com.haleyParker.newRestaurants;
				PRODUCT_NAME = "$(TARGET_NAME)";
				SWIFT_EMIT_LOC_STRINGS = YES;
				SWIFT_VERSION = 5.0;
				TARGETED_DEVICE_FAMILY = "1,2";
			};
			name = Release;
		};
/* End XCBuildConfiguration section */

/* Begin XCConfigurationList section */
		5E095CD227B31D4C00852AC0 /* Build configuration list for PBXProject "newRestaurants" */ = {
			isa = XCConfigurationList;
			buildConfigurations = (
				5E095CE327B31D4F00852AC0 /* Debug */,
				5E095CE427B31D4F00852AC0 /* Release */,
			);
			defaultConfigurationIsVisible = 0;
			defaultConfigurationName = Release;
		};
		5E095CE527B31D4F00852AC0 /* Build configuration list for PBXNativeTarget "newRestaurants" */ = {
			isa = XCConfigurationList;
			buildConfigurations = (
				5E095CE627B31D4F00852AC0 /* Debug */,
				5E095CE727B31D4F00852AC0 /* Release */,
			);
			defaultConfigurationIsVisible = 0;
			defaultConfigurationName = Release;
		};
/* End XCConfigurationList section */
	};
	rootObject = 5E095CCF27B31D4C00852AC0 /* Project object */;
}
